// !$*UTF8*$!
{
	archiveVersion = 1;
	classes = {
	};
	objectVersion = 56;
	objects = {

/* Begin PBXBuildFile section */
		4C51AC372B608AD100A4A1B2 /* AppDelegate.swift in Sources */ = {isa = PBXBuildFile; fileRef = 4C51AC362B608AD100A4A1B2 /* AppDelegate.swift */; };
		4C51AC392B608AD100A4A1B2 /* SceneDelegate.swift in Sources */ = {isa = PBXBuildFile; fileRef = 4C51AC382B608AD100A4A1B2 /* SceneDelegate.swift */; };
		4C51AC3B2B608AD100A4A1B2 /* ViewController.swift in Sources */ = {isa = PBXBuildFile; fileRef = 4C51AC3A2B608AD100A4A1B2 /* ViewController.swift */; };
		4C51AC3E2B608AD100A4A1B2 /* Main.storyboard in Resources */ = {isa = PBXBuildFile; fileRef = 4C51AC3C2B608AD100A4A1B2 /* Main.storyboard */; };
		4C51AC402B608AD300A4A1B2 /* Assets.xcassets in Resources */ = {isa = PBXBuildFile; fileRef = 4C51AC3F2B608AD300A4A1B2 /* Assets.xcassets */; };
		4C51AC432B608AD300A4A1B2 /* LaunchScreen.storyboard in Resources */ = {isa = PBXBuildFile; fileRef = 4C51AC412B608AD300A4A1B2 /* LaunchScreen.storyboard */; };
		4C51AC4E2B608AD300A4A1B2 /* Assignment3Tests.swift in Sources */ = {isa = PBXBuildFile; fileRef = 4C51AC4D2B608AD300A4A1B2 /* Assignment3Tests.swift */; };
		4C51AC582B608AD300A4A1B2 /* Assignment3UITests.swift in Sources */ = {isa = PBXBuildFile; fileRef = 4C51AC572B608AD300A4A1B2 /* Assignment3UITests.swift */; };
		4C51AC5A2B608AD300A4A1B2 /* Assignment3UITestsLaunchTests.swift in Sources */ = {isa = PBXBuildFile; fileRef = 4C51AC592B608AD300A4A1B2 /* Assignment3UITestsLaunchTests.swift */; };
/* End PBXBuildFile section */

/* Begin PBXContainerItemProxy section */
		4C51AC4A2B608AD300A4A1B2 /* PBXContainerItemProxy */ = {
			isa = PBXContainerItemProxy;
			containerPortal = 4C51AC2B2B608AD100A4A1B2 /* Project object */;
			proxyType = 1;
			remoteGlobalIDString = 4C51AC322B608AD100A4A1B2;
			remoteInfo = Assignment3;
		};
		4C51AC542B608AD300A4A1B2 /* PBXContainerItemProxy */ = {
			isa = PBXContainerItemProxy;
			containerPortal = 4C51AC2B2B608AD100A4A1B2 /* Project object */;
			proxyType = 1;
			remoteGlobalIDString = 4C51AC322B608AD100A4A1B2;
			remoteInfo = Assignment3;
		};
/* End PBXContainerItemProxy section */

/* Begin PBXFileReference section */
		4C51AC332B608AD100A4A1B2 /* Assignment3.app */ = {isa = PBXFileReference; explicitFileType = wrapper.application; includeInIndex = 0; path = Assignment3.app; sourceTree = BUILT_PRODUCTS_DIR; };
		4C51AC362B608AD100A4A1B2 /* AppDelegate.swift */ = {isa = PBXFileReference; lastKnownFileType = sourcecode.swift; path = AppDelegate.swift; sourceTree = "<group>"; };
		4C51AC382B608AD100A4A1B2 /* SceneDelegate.swift */ = {isa = PBXFileReference; lastKnownFileType = sourcecode.swift; path = SceneDelegate.swift; sourceTree = "<group>"; };
		4C51AC3A2B608AD100A4A1B2 /* ViewController.swift */ = {isa = PBXFileReference; lastKnownFileType = sourcecode.swift; path = ViewController.swift; sourceTree = "<group>"; };
		4C51AC3D2B608AD100A4A1B2 /* Base */ = {isa = PBXFileReference; lastKnownFileType = file.storyboard; name = Base; path = Base.lproj/Main.storyboard; sourceTree = "<group>"; };
		4C51AC3F2B608AD300A4A1B2 /* Assets.xcassets */ = {isa = PBXFileReference; lastKnownFileType = folder.assetcatalog; path = Assets.xcassets; sourceTree = "<group>"; };
		4C51AC422B608AD300A4A1B2 /* Base */ = {isa = PBXFileReference; lastKnownFileType = file.storyboard; name = Base; path = Base.lproj/LaunchScreen.storyboard; sourceTree = "<group>"; };
		4C51AC442B608AD300A4A1B2 /* Info.plist */ = {isa = PBXFileReference; lastKnownFileType = text.plist.xml; path = Info.plist; sourceTree = "<group>"; };
		4C51AC492B608AD300A4A1B2 /* Assignment3Tests.xctest */ = {isa = PBXFileReference; explicitFileType = wrapper.cfbundle; includeInIndex = 0; path = Assignment3Tests.xctest; sourceTree = BUILT_PRODUCTS_DIR; };
		4C51AC4D2B608AD300A4A1B2 /* Assignment3Tests.swift */ = {isa = PBXFileReference; lastKnownFileType = sourcecode.swift; path = Assignment3Tests.swift; sourceTree = "<group>"; };
		4C51AC532B608AD300A4A1B2 /* Assignment3UITests.xctest */ = {isa = PBXFileReference; explicitFileType = wrapper.cfbundle; includeInIndex = 0; path = Assignment3UITests.xctest; sourceTree = BUILT_PRODUCTS_DIR; };
		4C51AC572B608AD300A4A1B2 /* Assignment3UITests.swift */ = {isa = PBXFileReference; lastKnownFileType = sourcecode.swift; path = Assignment3UITests.swift; sourceTree = "<group>"; };
		4C51AC592B608AD300A4A1B2 /* Assignment3UITestsLaunchTests.swift */ = {isa = PBXFileReference; lastKnownFileType = sourcecode.swift; path = Assignment3UITestsLaunchTests.swift; sourceTree = "<group>"; };
/* End PBXFileReference section */

/* Begin PBXFrameworksBuildPhase section */
		4C51AC302B608AD100A4A1B2 /* Frameworks */ = {
			isa = PBXFrameworksBuildPhase;
			buildActionMask = 2147483647;
			files = (
			);
			runOnlyForDeploymentPostprocessing = 0;
		};
		4C51AC462B608AD300A4A1B2 /* Frameworks */ = {
			isa = PBXFrameworksBuildPhase;
			buildActionMask = 2147483647;
			files = (
			);
			runOnlyForDeploymentPostprocessing = 0;
		};
		4C51AC502B608AD300A4A1B2 /* Frameworks */ = {
			isa = PBXFrameworksBuildPhase;
			buildActionMask = 2147483647;
			files = (
			);
			runOnlyForDeploymentPostprocessing = 0;
		};
/* End PBXFrameworksBuildPhase section */

/* Begin PBXGroup section */
		4C51AC2A2B608AD100A4A1B2 = {
			isa = PBXGroup;
			children = (
				4C51AC352B608AD100A4A1B2 /* Assignment3 */,
				4C51AC4C2B608AD300A4A1B2 /* Assignment3Tests */,
				4C51AC562B608AD300A4A1B2 /* Assignment3UITests */,
				4C51AC342B608AD100A4A1B2 /* Products */,
			);
			sourceTree = "<group>";
		};
		4C51AC342B608AD100A4A1B2 /* Products */ = {
			isa = PBXGroup;
			children = (
				4C51AC332B608AD100A4A1B2 /* Assignment3.app */,
				4C51AC492B608AD300A4A1B2 /* Assignment3Tests.xctest */,
				4C51AC532B608AD300A4A1B2 /* Assignment3UITests.xctest */,
			);
			name = Products;
			sourceTree = "<group>";
		};
		4C51AC352B608AD100A4A1B2 /* Assignment3 */ = {
			isa = PBXGroup;
			children = (
				4C51AC362B608AD100A4A1B2 /* AppDelegate.swift */,
				4C51AC382B608AD100A4A1B2 /* SceneDelegate.swift */,
				4C51AC3A2B608AD100A4A1B2 /* ViewController.swift */,
				4C51AC3C2B608AD100A4A1B2 /* Main.storyboard */,
				4C51AC3F2B608AD300A4A1B2 /* Assets.xcassets */,
				4C51AC412B608AD300A4A1B2 /* LaunchScreen.storyboard */,
				4C51AC442B608AD300A4A1B2 /* Info.plist */,
			);
			path = Assignment3;
			sourceTree = "<group>";
		};
		4C51AC4C2B608AD300A4A1B2 /* Assignment3Tests */ = {
			isa = PBXGroup;
			children = (
				4C51AC4D2B608AD300A4A1B2 /* Assignment3Tests.swift */,
			);
			path = Assignment3Tests;
			sourceTree = "<group>";
		};
		4C51AC562B608AD300A4A1B2 /* Assignment3UITests */ = {
			isa = PBXGroup;
			children = (
				4C51AC572B608AD300A4A1B2 /* Assignment3UITests.swift */,
				4C51AC592B608AD300A4A1B2 /* Assignment3UITestsLaunchTests.swift */,
			);
			path = Assignment3UITests;
			sourceTree = "<group>";
		};
/* End PBXGroup section */

/* Begin PBXNativeTarget section */
		4C51AC322B608AD100A4A1B2 /* Assignment3 */ = {
			isa = PBXNativeTarget;
			buildConfigurationList = 4C51AC5D2B608AD300A4A1B2 /* Build configuration list for PBXNativeTarget "Assignment3" */;
			buildPhases = (
				4C51AC2F2B608AD100A4A1B2 /* Sources */,
				4C51AC302B608AD100A4A1B2 /* Frameworks */,
				4C51AC312B608AD100A4A1B2 /* Resources */,
			);
			buildRules = (
			);
			dependencies = (
			);
			name = Assignment3;
			productName = Assignment3;
			productReference = 4C51AC332B608AD100A4A1B2 /* Assignment3.app */;
			productType = "com.apple.product-type.application";
		};
		4C51AC482B608AD300A4A1B2 /* Assignment3Tests */ = {
			isa = PBXNativeTarget;
			buildConfigurationList = 4C51AC602B608AD300A4A1B2 /* Build configuration list for PBXNativeTarget "Assignment3Tests" */;
			buildPhases = (
				4C51AC452B608AD300A4A1B2 /* Sources */,
				4C51AC462B608AD300A4A1B2 /* Frameworks */,
				4C51AC472B608AD300A4A1B2 /* Resources */,
			);
			buildRules = (
			);
			dependencies = (
				4C51AC4B2B608AD300A4A1B2 /* PBXTargetDependency */,
			);
			name = Assignment3Tests;
			productName = Assignment3Tests;
			productReference = 4C51AC492B608AD300A4A1B2 /* Assignment3Tests.xctest */;
			productType = "com.apple.product-type.bundle.unit-test";
		};
		4C51AC522B608AD300A4A1B2 /* Assignment3UITests */ = {
			isa = PBXNativeTarget;
			buildConfigurationList = 4C51AC632B608AD300A4A1B2 /* Build configuration list for PBXNativeTarget "Assignment3UITests" */;
			buildPhases = (
				4C51AC4F2B608AD300A4A1B2 /* Sources */,
				4C51AC502B608AD300A4A1B2 /* Frameworks */,
				4C51AC512B608AD300A4A1B2 /* Resources */,
			);
			buildRules = (
			);
			dependencies = (
				4C51AC552B608AD300A4A1B2 /* PBXTargetDependency */,
			);
			name = Assignment3UITests;
			productName = Assignment3UITests;
			productReference = 4C51AC532B608AD300A4A1B2 /* Assignment3UITests.xctest */;
			productType = "com.apple.product-type.bundle.ui-testing";
		};
/* End PBXNativeTarget section */

/* Begin PBXProject section */
		4C51AC2B2B608AD100A4A1B2 /* Project object */ = {
			isa = PBXProject;
			attributes = {
				BuildIndependentTargetsInParallel = 1;
				LastSwiftUpdateCheck = 1520;
				LastUpgradeCheck = 1520;
				TargetAttributes = {
					4C51AC322B608AD100A4A1B2 = {
						CreatedOnToolsVersion = 15.2;
					};
					4C51AC482B608AD300A4A1B2 = {
						CreatedOnToolsVersion = 15.2;
						TestTargetID = 4C51AC322B608AD100A4A1B2;
					};
					4C51AC522B608AD300A4A1B2 = {
						CreatedOnToolsVersion = 15.2;
						TestTargetID = 4C51AC322B608AD100A4A1B2;
					};
				};
			};
			buildConfigurationList = 4C51AC2E2B608AD100A4A1B2 /* Build configuration list for PBXProject "Assignment3" */;
			compatibilityVersion = "Xcode 14.0";
			developmentRegion = en;
			hasScannedForEncodings = 0;
			knownRegions = (
				en,
				Base,
			);
			mainGroup = 4C51AC2A2B608AD100A4A1B2;
			productRefGroup = 4C51AC342B608AD100A4A1B2 /* Products */;
			projectDirPath = "";
			projectRoot = "";
			targets = (
				4C51AC322B608AD100A4A1B2 /* Assignment3 */,
				4C51AC482B608AD300A4A1B2 /* Assignment3Tests */,
				4C51AC522B608AD300A4A1B2 /* Assignment3UITests */,
			);
		};
/* End PBXProject section */

/* Begin PBXResourcesBuildPhase section */
		4C51AC312B608AD100A4A1B2 /* Resources */ = {
			isa = PBXResourcesBuildPhase;
			buildActionMask = 2147483647;
			files = (
				4C51AC432B608AD300A4A1B2 /* LaunchScreen.storyboard in Resources */,
				4C51AC402B608AD300A4A1B2 /* Assets.xcassets in Resources */,
				4C51AC3E2B608AD100A4A1B2 /* Main.storyboard in Resources */,
			);
			runOnlyForDeploymentPostprocessing = 0;
		};
		4C51AC472B608AD300A4A1B2 /* Resources */ = {
			isa = PBXResourcesBuildPhase;
			buildActionMask = 2147483647;
			files = (
			);
			runOnlyForDeploymentPostprocessing = 0;
		};
		4C51AC512B608AD300A4A1B2 /* Resources */ = {
			isa = PBXResourcesBuildPhase;
			buildActionMask = 2147483647;
			files = (
			);
			runOnlyForDeploymentPostprocessing = 0;
		};
/* End PBXResourcesBuildPhase section */

/* Begin PBXSourcesBuildPhase section */
		4C51AC2F2B608AD100A4A1B2 /* Sources */ = {
			isa = PBXSourcesBuildPhase;
			buildActionMask = 2147483647;
			files = (
				4C51AC3B2B608AD100A4A1B2 /* ViewController.swift in Sources */,
				4C51AC372B608AD100A4A1B2 /* AppDelegate.swift in Sources */,
				4C51AC392B608AD100A4A1B2 /* SceneDelegate.swift in Sources */,
			);
			runOnlyForDeploymentPostprocessing = 0;
		};
		4C51AC452B608AD300A4A1B2 /* Sources */ = {
			isa = PBXSourcesBuildPhase;
			buildActionMask = 2147483647;
			files = (
				4C51AC4E2B608AD300A4A1B2 /* Assignment3Tests.swift in Sources */,
			);
			runOnlyForDeploymentPostprocessing = 0;
		};
		4C51AC4F2B608AD300A4A1B2 /* Sources */ = {
			isa = PBXSourcesBuildPhase;
			buildActionMask = 2147483647;
			files = (
				4C51AC582B608AD300A4A1B2 /* Assignment3UITests.swift in Sources */,
				4C51AC5A2B608AD300A4A1B2 /* Assignment3UITestsLaunchTests.swift in Sources */,
			);
			runOnlyForDeploymentPostprocessing = 0;
		};
/* End PBXSourcesBuildPhase section */

/* Begin PBXTargetDependency section */
		4C51AC4B2B608AD300A4A1B2 /* PBXTargetDependency */ = {
			isa = PBXTargetDependency;
			target = 4C51AC322B608AD100A4A1B2 /* Assignment3 */;
			targetProxy = 4C51AC4A2B608AD300A4A1B2 /* PBXContainerItemProxy */;
		};
		4C51AC552B608AD300A4A1B2 /* PBXTargetDependency */ = {
			isa = PBXTargetDependency;
			target = 4C51AC322B608AD100A4A1B2 /* Assignment3 */;
			targetProxy = 4C51AC542B608AD300A4A1B2 /* PBXContainerItemProxy */;
		};
/* End PBXTargetDependency section */

/* Begin PBXVariantGroup section */
		4C51AC3C2B608AD100A4A1B2 /* Main.storyboard */ = {
			isa = PBXVariantGroup;
			children = (
				4C51AC3D2B608AD100A4A1B2 /* Base */,
			);
			name = Main.storyboard;
			sourceTree = "<group>";
		};
		4C51AC412B608AD300A4A1B2 /* LaunchScreen.storyboard */ = {
			isa = PBXVariantGroup;
			children = (
				4C51AC422B608AD300A4A1B2 /* Base */,
			);
			name = LaunchScreen.storyboard;
			sourceTree = "<group>";
		};
/* End PBXVariantGroup section */

/* Begin XCBuildConfiguration section */
		4C51AC5B2B608AD300A4A1B2 /* Debug */ = {
			isa = XCBuildConfiguration;
			buildSettings = {
				ALWAYS_SEARCH_USER_PATHS = NO;
				ASSETCATALOG_COMPILER_GENERATE_SWIFT_ASSET_SYMBOL_EXTENSIONS = YES;
				CLANG_ANALYZER_NONNULL = YES;
				CLANG_ANALYZER_NUMBER_OBJECT_CONVERSION = YES_AGGRESSIVE;
				CLANG_CXX_LANGUAGE_STANDARD = "gnu++20";
				CLANG_ENABLE_MODULES = YES;
				CLANG_ENABLE_OBJC_ARC = YES;
				CLANG_ENABLE_OBJC_WEAK = YES;
				CLANG_WARN_BLOCK_CAPTURE_AUTORELEASING = YES;
				CLANG_WARN_BOOL_CONVERSION = YES;
				CLANG_WARN_COMMA = YES;
				CLANG_WARN_CONSTANT_CONVERSION = YES;
				CLANG_WARN_DEPRECATED_OBJC_IMPLEMENTATIONS = YES;
				CLANG_WARN_DIRECT_OBJC_ISA_USAGE = YES_ERROR;
				CLANG_WARN_DOCUMENTATION_COMMENTS = YES;
				CLANG_WARN_EMPTY_BODY = YES;
				CLANG_WARN_ENUM_CONVERSION = YES;
				CLANG_WARN_INFINITE_RECURSION = YES;
				CLANG_WARN_INT_CONVERSION = YES;
				CLANG_WARN_NON_LITERAL_NULL_CONVERSION = YES;
				CLANG_WARN_OBJC_IMPLICIT_RETAIN_SELF = YES;
				CLANG_WARN_OBJC_LITERAL_CONVERSION = YES;
				CLANG_WARN_OBJC_ROOT_CLASS = YES_ERROR;
				CLANG_WARN_QUOTED_INCLUDE_IN_FRAMEWORK_HEADER = YES;
				CLANG_WARN_RANGE_LOOP_ANALYSIS = YES;
				CLANG_WARN_STRICT_PROTOTYPES = YES;
				CLANG_WARN_SUSPICIOUS_MOVE = YES;
				CLANG_WARN_UNGUARDED_AVAILABILITY = YES_AGGRESSIVE;
				CLANG_WARN_UNREACHABLE_CODE = YES;
				CLANG_WARN__DUPLICATE_METHOD_MATCH = YES;
				COPY_PHASE_STRIP = NO;
				DEBUG_INFORMATION_FORMAT = dwarf;
				ENABLE_STRICT_OBJC_MSGSEND = YES;
				ENABLE_TESTABILITY = YES;
				ENABLE_USER_SCRIPT_SANDBOXING = YES;
				GCC_C_LANGUAGE_STANDARD = gnu17;
				GCC_DYNAMIC_NO_PIC = NO;
				GCC_NO_COMMON_BLOCKS = YES;
				GCC_OPTIMIZATION_LEVEL = 0;
				GCC_PREPROCESSOR_DEFINITIONS = (
					"DEBUG=1",
					"$(inherited)",
				);
				GCC_WARN_64_TO_32_BIT_CONVERSION = YES;
				GCC_WARN_ABOUT_RETURN_TYPE = YES_ERROR;
				GCC_WARN_UNDECLARED_SELECTOR = YES;
				GCC_WARN_UNINITIALIZED_AUTOS = YES_AGGRESSIVE;
				GCC_WARN_UNUSED_FUNCTION = YES;
				GCC_WARN_UNUSED_VARIABLE = YES;
				IPHONEOS_DEPLOYMENT_TARGET = 17.2;
				LOCALIZATION_PREFERS_STRING_CATALOGS = YES;
				MTL_ENABLE_DEBUG_INFO = INCLUDE_SOURCE;
				MTL_FAST_MATH = YES;
				ONLY_ACTIVE_ARCH = YES;
				SDKROOT = iphoneos;
				SWIFT_ACTIVE_COMPILATION_CONDITIONS = "DEBUG $(inherited)";
				SWIFT_OPTIMIZATION_LEVEL = "-Onone";
			};
			name = Debug;
		};
		4C51AC5C2B608AD300A4A1B2 /* Release */ = {
			isa = XCBuildConfiguration;
			buildSettings = {
				ALWAYS_SEARCH_USER_PATHS = NO;
				ASSETCATALOG_COMPILER_GENERATE_SWIFT_ASSET_SYMBOL_EXTENSIONS = YES;
				CLANG_ANALYZER_NONNULL = YES;
				CLANG_ANALYZER_NUMBER_OBJECT_CONVERSION = YES_AGGRESSIVE;
				CLANG_CXX_LANGUAGE_STANDARD = "gnu++20";
				CLANG_ENABLE_MODULES = YES;
				CLANG_ENABLE_OBJC_ARC = YES;
				CLANG_ENABLE_OBJC_WEAK = YES;
				CLANG_WARN_BLOCK_CAPTURE_AUTORELEASING = YES;
				CLANG_WARN_BOOL_CONVERSION = YES;
				CLANG_WARN_COMMA = YES;
				CLANG_WARN_CONSTANT_CONVERSION = YES;
				CLANG_WARN_DEPRECATED_OBJC_IMPLEMENTATIONS = YES;
				CLANG_WARN_DIRECT_OBJC_ISA_USAGE = YES_ERROR;
				CLANG_WARN_DOCUMENTATION_COMMENTS = YES;
				CLANG_WARN_EMPTY_BODY = YES;
				CLANG_WARN_ENUM_CONVERSION = YES;
				CLANG_WARN_INFINITE_RECURSION = YES;
				CLANG_WARN_INT_CONVERSION = YES;
				CLANG_WARN_NON_LITERAL_NULL_CONVERSION = YES;
				CLANG_WARN_OBJC_IMPLICIT_RETAIN_SELF = YES;
				CLANG_WARN_OBJC_LITERAL_CONVERSION = YES;
				CLANG_WARN_OBJC_ROOT_CLASS = YES_ERROR;
				CLANG_WARN_QUOTED_INCLUDE_IN_FRAMEWORK_HEADER = YES;
				CLANG_WARN_RANGE_LOOP_ANALYSIS = YES;
				CLANG_WARN_STRICT_PROTOTYPES = YES;
				CLANG_WARN_SUSPICIOUS_MOVE = YES;
				CLANG_WARN_UNGUARDED_AVAILABILITY = YES_AGGRESSIVE;
				CLANG_WARN_UNREACHABLE_CODE = YES;
				CLANG_WARN__DUPLICATE_METHOD_MATCH = YES;
				COPY_PHASE_STRIP = NO;
				DEBUG_INFORMATION_FORMAT = "dwarf-with-dsym";
				ENABLE_NS_ASSERTIONS = NO;
				ENABLE_STRICT_OBJC_MSGSEND = YES;
				ENABLE_USER_SCRIPT_SANDBOXING = YES;
				GCC_C_LANGUAGE_STANDARD = gnu17;
				GCC_NO_COMMON_BLOCKS = YES;
				GCC_WARN_64_TO_32_BIT_CONVERSION = YES;
				GCC_WARN_ABOUT_RETURN_TYPE = YES_ERROR;
				GCC_WARN_UNDECLARED_SELECTOR = YES;
				GCC_WARN_UNINITIALIZED_AUTOS = YES_AGGRESSIVE;
				GCC_WARN_UNUSED_FUNCTION = YES;
				GCC_WARN_UNUSED_VARIABLE = YES;
				IPHONEOS_DEPLOYMENT_TARGET = 17.2;
				LOCALIZATION_PREFERS_STRING_CATALOGS = YES;
				MTL_ENABLE_DEBUG_INFO = NO;
				MTL_FAST_MATH = YES;
				SDKROOT = iphoneos;
				SWIFT_COMPILATION_MODE = wholemodule;
				VALIDATE_PRODUCT = YES;
			};
			name = Release;
		};
		4C51AC5E2B608AD300A4A1B2 /* Debug */ = {
			isa = XCBuildConfiguration;
			buildSettings = {
				ASSETCATALOG_COMPILER_APPICON_NAME = AppIcon;
				ASSETCATALOG_COMPILER_GLOBAL_ACCENT_COLOR_NAME = AccentColor;
				CODE_SIGN_STYLE = Automatic;
				CURRENT_PROJECT_VERSION = 1;
				GENERATE_INFOPLIST_FILE = YES;
				INFOPLIST_FILE = Assignment3/Info.plist;
				INFOPLIST_KEY_UIApplicationSupportsIndirectInputEvents = YES;
				INFOPLIST_KEY_UILaunchStoryboardName = LaunchScreen;
				INFOPLIST_KEY_UIMainStoryboardFile = Main;
				INFOPLIST_KEY_UISupportedInterfaceOrientations_iPad = "UIInterfaceOrientationPortrait UIInterfaceOrientationPortraitUpsideDown UIInterfaceOrientationLandscapeLeft UIInterfaceOrientationLandscapeRight";
				INFOPLIST_KEY_UISupportedInterfaceOrientations_iPhone = "UIInterfaceOrientationPortrait UIInterfaceOrientationLandscapeLeft UIInterfaceOrientationLandscapeRight";
				LD_RUNPATH_SEARCH_PATHS = (
					"$(inherited)",
					"@executable_path/Frameworks",
				);
				MARKETING_VERSION = 1.0;
				PRODUCT_BUNDLE_IDENTIFIER = com.michaelbaljet.Assignment3;
				PRODUCT_NAME = "$(TARGET_NAME)";
				SWIFT_EMIT_LOC_STRINGS = YES;
				SWIFT_VERSION = 5.0;
				TARGETED_DEVICE_FAMILY = "1,2";
			};
			name = Debug;
		};
		4C51AC5F2B608AD300A4A1B2 /* Release */ = {
			isa = XCBuildConfiguration;
			buildSettings = {
				ASSETCATALOG_COMPILER_APPICON_NAME = AppIcon;
				ASSETCATALOG_COMPILER_GLOBAL_ACCENT_COLOR_NAME = AccentColor;
				CODE_SIGN_STYLE = Automatic;
				CURRENT_PROJECT_VERSION = 1;
				GENERATE_INFOPLIST_FILE = YES;
				INFOPLIST_FILE = Assignment3/Info.plist;
				INFOPLIST_KEY_UIApplicationSupportsIndirectInputEvents = YES;
				INFOPLIST_KEY_UILaunchStoryboardName = LaunchScreen;
				INFOPLIST_KEY_UIMainStoryboardFile = Main;
				INFOPLIST_KEY_UISupportedInterfaceOrientations_iPad = "UIInterfaceOrientationPortrait UIInterfaceOrientationPortraitUpsideDown UIInterfaceOrientationLandscapeLeft UIInterfaceOrientationLandscapeRight";
				INFOPLIST_KEY_UISupportedInterfaceOrientations_iPhone = "UIInterfaceOrientationPortrait UIInterfaceOrientationLandscapeLeft UIInterfaceOrientationLandscapeRight";
				LD_RUNPATH_SEARCH_PATHS = (
					"$(inherited)",
					"@executable_path/Frameworks",
				);
				MARKETING_VERSION = 1.0;
				PRODUCT_BUNDLE_IDENTIFIER = com.michaelbaljet.Assignment3;
				PRODUCT_NAME = "$(TARGET_NAME)";
				SWIFT_EMIT_LOC_STRINGS = YES;
				SWIFT_VERSION = 5.0;
				TARGETED_DEVICE_FAMILY = "1,2";
			};
			name = Release;
		};
		4C51AC612B608AD300A4A1B2 /* Debug */ = {
			isa = XCBuildConfiguration;
			buildSettings = {
				ALWAYS_EMBED_SWIFT_STANDARD_LIBRARIES = YES;
				BUNDLE_LOADER = "$(TEST_HOST)";
				CODE_SIGN_STYLE = Automatic;
				CURRENT_PROJECT_VERSION = 1;
				GENERATE_INFOPLIST_FILE = YES;
				IPHONEOS_DEPLOYMENT_TARGET = 17.2;
				MARKETING_VERSION = 1.0;
				PRODUCT_BUNDLE_IDENTIFIER = com.michaelbaljet.Assignment3Tests;
				PRODUCT_NAME = "$(TARGET_NAME)";
				SWIFT_EMIT_LOC_STRINGS = NO;
				SWIFT_VERSION = 5.0;
				TARGETED_DEVICE_FAMILY = "1,2";
				TEST_HOST = "$(BUILT_PRODUCTS_DIR)/Assignment3.app/$(BUNDLE_EXECUTABLE_FOLDER_PATH)/Assignment3";
			};
			name = Debug;
		};
		4C51AC622B608AD300A4A1B2 /* Release */ = {
			isa = XCBuildConfiguration;
			buildSettings = {
				ALWAYS_EMBED_SWIFT_STANDARD_LIBRARIES = YES;
				BUNDLE_LOADER = "$(TEST_HOST)";
				CODE_SIGN_STYLE = Automatic;
				CURRENT_PROJECT_VERSION = 1;
				GENERATE_INFOPLIST_FILE = YES;
				IPHONEOS_DEPLOYMENT_TARGET = 17.2;
				MARKETING_VERSION = 1.0;
				PRODUCT_BUNDLE_IDENTIFIER = com.michaelbaljet.Assignment3Tests;
				PRODUCT_NAME = "$(TARGET_NAME)";
				SWIFT_EMIT_LOC_STRINGS = NO;
				SWIFT_VERSION = 5.0;
				TARGETED_DEVICE_FAMILY = "1,2";
				TEST_HOST = "$(BUILT_PRODUCTS_DIR)/Assignment3.app/$(BUNDLE_EXECUTABLE_FOLDER_PATH)/Assignment3";
			};
			name = Release;
		};
		4C51AC642B608AD300A4A1B2 /* Debug */ = {
			isa = XCBuildConfiguration;
			buildSettings = {
				ALWAYS_EMBED_SWIFT_STANDARD_LIBRARIES = YES;
				CODE_SIGN_STYLE = Automatic;
				CURRENT_PROJECT_VERSION = 1;
				GENERATE_INFOPLIST_FILE = YES;
				MARKETING_VERSION = 1.0;
				PRODUCT_BUNDLE_IDENTIFIER = com.michaelbaljet.Assignment3UITests;
				PRODUCT_NAME = "$(TARGET_NAME)";
				SWIFT_EMIT_LOC_STRINGS = NO;
				SWIFT_VERSION = 5.0;
				TARGETED_DEVICE_FAMILY = "1,2";
				TEST_TARGET_NAME = Assignment3;
			};
			name = Debug;
		};
		4C51AC652B608AD300A4A1B2 /* Release */ = {
			isa = XCBuildConfiguration;
			buildSettings = {
				ALWAYS_EMBED_SWIFT_STANDARD_LIBRARIES = YES;
				CODE_SIGN_STYLE = Automatic;
				CURRENT_PROJECT_VERSION = 1;
				GENERATE_INFOPLIST_FILE = YES;
				MARKETING_VERSION = 1.0;
				PRODUCT_BUNDLE_IDENTIFIER = com.michaelbaljet.Assignment3UITests;
				PRODUCT_NAME = "$(TARGET_NAME)";
				SWIFT_EMIT_LOC_STRINGS = NO;
				SWIFT_VERSION = 5.0;
				TARGETED_DEVICE_FAMILY = "1,2";
				TEST_TARGET_NAME = Assignment3;
			};
			name = Release;
		};
/* End XCBuildConfiguration section */

/* Begin XCConfigurationList section */
		4C51AC2E2B608AD100A4A1B2 /* Build configuration list for PBXProject "Assignment3" */ = {
			isa = XCConfigurationList;
			buildConfigurations = (
				4C51AC5B2B608AD300A4A1B2 /* Debug */,
				4C51AC5C2B608AD300A4A1B2 /* Release */,
			);
			defaultConfigurationIsVisible = 0;
			defaultConfigurationName = Release;
		};
		4C51AC5D2B608AD300A4A1B2 /* Build configuration list for PBXNativeTarget "Assignment3" */ = {
			isa = XCConfigurationList;
			buildConfigurations = (
				4C51AC5E2B608AD300A4A1B2 /* Debug */,
				4C51AC5F2B608AD300A4A1B2 /* Release */,
			);
			defaultConfigurationIsVisible = 0;
			defaultConfigurationName = Release;
		};
		4C51AC602B608AD300A4A1B2 /* Build configuration list for PBXNativeTarget "Assignment3Tests" */ = {
			isa = XCConfigurationList;
			buildConfigurations = (
				4C51AC612B608AD300A4A1B2 /* Debug */,
				4C51AC622B608AD300A4A1B2 /* Release */,
			);
			defaultConfigurationIsVisible = 0;
			defaultConfigurationName = Release;
		};
		4C51AC632B608AD300A4A1B2 /* Build configuration list for PBXNativeTarget "Assignment3UITests" */ = {
			isa = XCConfigurationList;
			buildConfigurations = (
				4C51AC642B608AD300A4A1B2 /* Debug */,
				4C51AC652B608AD300A4A1B2 /* Release */,
			);
			defaultConfigurationIsVisible = 0;
			defaultConfigurationName = Release;
		};
/* End XCConfigurationList section */
	};
	rootObject = 4C51AC2B2B608AD100A4A1B2 /* Project object */;
}
